
Microsoft Visual Studio Solution File, Format Version 12.00
# Visual Studio Version 17
VisualStudioVersion = 17.8.34330.188
MinimumVisualStudioVersion = 10.0.40219.1
Project("{FAE04EC0-301F-11D3-BF4B-00C04F79EFBC}") = "AnimeTV.Server", "AnimeTV.Server\AnimeTV.Server.csproj", "{31B2D187-29A8-489B-A225-CD6B802F9E32}"
EndProject
Project("{54A90642-561A-4BB1-A94E-469ADEE60C69}") = "animetv.client", "animetv.client\animetv.client.esproj", "{22AD11E5-ADA4-452B-87A8-F2F5E8A95807}"
EndProject
Global
	GlobalSection(SolutionConfigurationPlatforms) = preSolution
		Debug|Any CPU = Debug|Any CPU
		Release|Any CPU = Release|Any CPU
	EndGlobalSection
	GlobalSection(ProjectConfigurationPlatforms) = postSolution
		{31B2D187-29A8-489B-A225-CD6B802F9E32}.Debug|Any CPU.ActiveCfg = Debug|Any CPU
		{31B2D187-29A8-489B-A225-CD6B802F9E32}.Debug|Any CPU.Build.0 = Debug|Any CPU
		{31B2D187-29A8-489B-A225-CD6B802F9E32}.Release|Any CPU.ActiveCfg = Release|Any CPU
		{31B2D187-29A8-489B-A225-CD6B802F9E32}.Release|Any CPU.Build.0 = Release|Any CPU
		{22AD11E5-ADA4-452B-87A8-F2F5E8A95807}.Debug|Any CPU.ActiveCfg = Debug|Any CPU
		{22AD11E5-ADA4-452B-87A8-F2F5E8A95807}.Debug|Any CPU.Build.0 = Debug|Any CPU
		{22AD11E5-ADA4-452B-87A8-F2F5E8A95807}.Debug|Any CPU.Deploy.0 = Debug|Any CPU
		{22AD11E5-ADA4-452B-87A8-F2F5E8A95807}.Release|Any CPU.ActiveCfg = Release|Any CPU
		{22AD11E5-ADA4-452B-87A8-F2F5E8A95807}.Release|Any CPU.Build.0 = Release|Any CPU
		{22AD11E5-ADA4-452B-87A8-F2F5E8A95807}.Release|Any CPU.Deploy.0 = Release|Any CPU
	EndGlobalSection
	GlobalSection(SolutionProperties) = preSolution
		HideSolutionNode = FALSE
	EndGlobalSection
	GlobalSection(ExtensibilityGlobals) = postSolution
		SolutionGuid = {A37EBFE9-01F7-4222-B9DB-DAC594F96B44}
	EndGlobalSection
EndGlobal
